
Microsoft Visual Studio Solution File, Format Version 12.00
# Visual Studio Version 17
VisualStudioVersion = 17.0.32112.339
MinimumVisualStudioVersion = 10.0.40219.1
Project("{FAE04EC0-301F-11D3-BF4B-00C04F79EFBC}") = "Bibi", "Bibi\Bibi.csproj", "{E27C0479-6ECD-41C1-A172-7661DB8FFE2B}"
EndProject
Project("{FAE04EC0-301F-11D3-BF4B-00C04F79EFBC}") = "TestApp", "TestApp\TestApp.csproj", "{1103C855-0E10-4E45-8582-4B0BFFC3C01F}"
EndProject
Project("{FAE04EC0-301F-11D3-BF4B-00C04F79EFBC}") = "FunkApp", "FunkApp\FunkApp.csproj", "{B2D00405-F82F-48FB-A6BF-FC93478224C8}"
EndProject
Project("{FAE04EC0-301F-11D3-BF4B-00C04F79EFBC}") = "IBibi", "IBibi\IBibi.csproj", "{83F8E381-63CE-4E9D-939A-456EB817ADC0}"
EndProject
Project("{FAE04EC0-301F-11D3-BF4B-00C04F79EFBC}") = "FunkAppWF", "FunkAppWF\FunkAppWF.csproj", "{F852FDDF-4381-4F93-915F-89F5D727F83B}"
EndProject
Global
	GlobalSection(SolutionConfigurationPlatforms) = preSolution
		Debug|Any CPU = Debug|Any CPU
		Release|Any CPU = Release|Any CPU
	EndGlobalSection
	GlobalSection(ProjectConfigurationPlatforms) = postSolution
		{E27C0479-6ECD-41C1-A172-7661DB8FFE2B}.Debug|Any CPU.ActiveCfg = Debug|Any CPU
		{E27C0479-6ECD-41C1-A172-7661DB8FFE2B}.Debug|Any CPU.Build.0 = Debug|Any CPU
		{E27C0479-6ECD-41C1-A172-7661DB8FFE2B}.Release|Any CPU.ActiveCfg = Release|Any CPU
		{E27C0479-6ECD-41C1-A172-7661DB8FFE2B}.Release|Any CPU.Build.0 = Release|Any CPU
		{1103C855-0E10-4E45-8582-4B0BFFC3C01F}.Debug|Any CPU.ActiveCfg = Debug|Any CPU
		{1103C855-0E10-4E45-8582-4B0BFFC3C01F}.Debug|Any CPU.Build.0 = Debug|Any CPU
		{1103C855-0E10-4E45-8582-4B0BFFC3C01F}.Release|Any CPU.ActiveCfg = Release|Any CPU
		{1103C855-0E10-4E45-8582-4B0BFFC3C01F}.Release|Any CPU.Build.0 = Release|Any CPU
		{B2D00405-F82F-48FB-A6BF-FC93478224C8}.Debug|Any CPU.ActiveCfg = Debug|Any CPU
		{B2D00405-F82F-48FB-A6BF-FC93478224C8}.Debug|Any CPU.Build.0 = Debug|Any CPU
		{B2D00405-F82F-48FB-A6BF-FC93478224C8}.Release|Any CPU.ActiveCfg = Release|Any CPU
		{B2D00405-F82F-48FB-A6BF-FC93478224C8}.Release|Any CPU.Build.0 = Release|Any CPU
		{83F8E381-63CE-4E9D-939A-456EB817ADC0}.Debug|Any CPU.ActiveCfg = Debug|Any CPU
		{83F8E381-63CE-4E9D-939A-456EB817ADC0}.Debug|Any CPU.Build.0 = Debug|Any CPU
		{83F8E381-63CE-4E9D-939A-456EB817ADC0}.Release|Any CPU.ActiveCfg = Release|Any CPU
		{83F8E381-63CE-4E9D-939A-456EB817ADC0}.Release|Any CPU.Build.0 = Release|Any CPU
		{F852FDDF-4381-4F93-915F-89F5D727F83B}.Debug|Any CPU.ActiveCfg = Debug|Any CPU
		{F852FDDF-4381-4F93-915F-89F5D727F83B}.Debug|Any CPU.Build.0 = Debug|Any CPU
		{F852FDDF-4381-4F93-915F-89F5D727F83B}.Release|Any CPU.ActiveCfg = Release|Any CPU
		{F852FDDF-4381-4F93-915F-89F5D727F83B}.Release|Any CPU.Build.0 = Release|Any CPU
	EndGlobalSection
	GlobalSection(SolutionProperties) = preSolution
		HideSolutionNode = FALSE
	EndGlobalSection
	GlobalSection(ExtensibilityGlobals) = postSolution
		SolutionGuid = {57941EB5-68F8-4566-A4DD-1187F71C29F6}
	EndGlobalSection
EndGlobal
